// !$*UTF8*$!
{
	archiveVersion = 1;
	classes = {
	};
	objectVersion = 50;
	objects = {

/* Begin PBXBuildFile section */
		2C3CA6A122CDE50900E73948 /* context.cpp in Sources */ = {isa = PBXBuildFile; fileRef = 2C3CA6A022CDE50900E73948 /* context.cpp */; };
		2C3CA6A322CDE88600E73948 /* object.cpp in Sources */ = {isa = PBXBuildFile; fileRef = 2C3CA6A222CDE88600E73948 /* object.cpp */; };
		2C3CA6A522CDEC2D00E73948 /* value.cpp in Sources */ = {isa = PBXBuildFile; fileRef = 2C3CA6A422CDEC2D00E73948 /* value.cpp */; };
		2C90787A22CF530F00A0AABE /* JavaScriptCore.framework in Frameworks */ = {isa = PBXBuildFile; fileRef = 2C90787922CF530F00A0AABE /* JavaScriptCore.framework */; };
		2CE0671222CC9F2F003A7E81 /* main.cpp in Sources */ = {isa = PBXBuildFile; fileRef = 2CE0671122CC9F2F003A7E81 /* main.cpp */; };
/* End PBXBuildFile section */

/* Begin PBXCopyFilesBuildPhase section */
		2CE0670C22CC9F2F003A7E81 /* CopyFiles */ = {
			isa = PBXCopyFilesBuildPhase;
			buildActionMask = 2147483647;
			dstPath = /usr/share/man/man1/;
			dstSubfolderSpec = 0;
			files = (
			);
			runOnlyForDeploymentPostprocessing = 1;
		};
/* End PBXCopyFilesBuildPhase section */

/* Begin PBXFileReference section */
		2C3CA69E22CDC67C00E73948 /* property.hpp */ = {isa = PBXFileReference; lastKnownFileType = sourcecode.cpp.h; path = property.hpp; sourceTree = "<group>"; };
		2C3CA69F22CDD7EE00E73948 /* utils.hpp */ = {isa = PBXFileReference; lastKnownFileType = sourcecode.cpp.h; path = utils.hpp; sourceTree = "<group>"; };
		2C3CA6A022CDE50900E73948 /* context.cpp */ = {isa = PBXFileReference; lastKnownFileType = sourcecode.cpp.cpp; path = context.cpp; sourceTree = "<group>"; };
		2C3CA6A222CDE88600E73948 /* object.cpp */ = {isa = PBXFileReference; lastKnownFileType = sourcecode.cpp.cpp; path = object.cpp; sourceTree = "<group>"; };
		2C3CA6A422CDEC2D00E73948 /* value.cpp */ = {isa = PBXFileReference; lastKnownFileType = sourcecode.cpp.cpp; path = value.cpp; sourceTree = "<group>"; };
		2C3CA6A622CDEE3000E73948 /* jsc.hpp */ = {isa = PBXFileReference; lastKnownFileType = sourcecode.cpp.h; path = jsc.hpp; sourceTree = "<group>"; };
		2C3CA6A722CDF2A700E73948 /* object.inc.hpp */ = {isa = PBXFileReference; lastKnownFileType = sourcecode.cpp.h; path = object.inc.hpp; sourceTree = "<group>"; };
		2C52578822CD85C4002F97ED /* context.hpp */ = {isa = PBXFileReference; lastKnownFileType = sourcecode.cpp.h; path = context.hpp; sourceTree = "<group>"; };
		2C52578B22CD88C2002F97ED /* string.hpp */ = {isa = PBXFileReference; lastKnownFileType = sourcecode.cpp.h; path = string.hpp; sourceTree = "<group>"; };
		2C52578C22CD8E53002F97ED /* value.hpp */ = {isa = PBXFileReference; lastKnownFileType = sourcecode.cpp.h; path = value.hpp; sourceTree = "<group>"; };
		2C52578D22CDABB4002F97ED /* object.hpp */ = {isa = PBXFileReference; lastKnownFileType = sourcecode.cpp.h; path = object.hpp; sourceTree = "<group>"; };
		2C90787922CF530F00A0AABE /* JavaScriptCore.framework */ = {isa = PBXFileReference; lastKnownFileType = wrapper.framework; name = JavaScriptCore.framework; path = System/Library/Frameworks/JavaScriptCore.framework; sourceTree = SDKROOT; };
		2CE0670E22CC9F2F003A7E81 /* jsctest */ = {isa = PBXFileReference; explicitFileType = "compiled.mach-o.executable"; includeInIndex = 0; path = jsctest; sourceTree = BUILT_PRODUCTS_DIR; };
		2CE0671122CC9F2F003A7E81 /* main.cpp */ = {isa = PBXFileReference; lastKnownFileType = sourcecode.cpp.cpp; path = main.cpp; sourceTree = "<group>"; };
/* End PBXFileReference section */

/* Begin PBXFrameworksBuildPhase section */
		2CE0670B22CC9F2F003A7E81 /* Frameworks */ = {
			isa = PBXFrameworksBuildPhase;
			buildActionMask = 2147483647;
			files = (
				2C90787A22CF530F00A0AABE /* JavaScriptCore.framework in Frameworks */,
			);
			runOnlyForDeploymentPostprocessing = 0;
		};
/* End PBXFrameworksBuildPhase section */

/* Begin PBXGroup section */
		2C52578622CD85AB002F97ED /* jsc */ = {
			isa = PBXGroup;
			children = (
				2C3CA6A022CDE50900E73948 /* context.cpp */,
				2C52578822CD85C4002F97ED /* context.hpp */,
				2C3CA6A222CDE88600E73948 /* object.cpp */,
				2C52578D22CDABB4002F97ED /* object.hpp */,
				2C3CA6A722CDF2A700E73948 /* object.inc.hpp */,
				2C3CA69E22CDC67C00E73948 /* property.hpp */,
				2C52578B22CD88C2002F97ED /* string.hpp */,
				2C3CA69F22CDD7EE00E73948 /* utils.hpp */,
				2C3CA6A422CDEC2D00E73948 /* value.cpp */,
				2C52578C22CD8E53002F97ED /* value.hpp */,
				2C3CA6A622CDEE3000E73948 /* jsc.hpp */,
			);
			path = jsc;
			sourceTree = "<group>";
		};
		2CE0670522CC9F2F003A7E81 = {
			isa = PBXGroup;
			children = (
				2CE0671022CC9F2F003A7E81 /* jsctest */,
				2CE0670F22CC9F2F003A7E81 /* Products */,
				2CE0671822CCA1F4003A7E81 /* Frameworks */,
			);
			sourceTree = "<group>";
		};
		2CE0670F22CC9F2F003A7E81 /* Products */ = {
			isa = PBXGroup;
			children = (
				2CE0670E22CC9F2F003A7E81 /* jsctest */,
			);
			name = Products;
			sourceTree = "<group>";
		};
		2CE0671022CC9F2F003A7E81 /* jsctest */ = {
			isa = PBXGroup;
			children = (
				2C52578622CD85AB002F97ED /* jsc */,
				2CE0671122CC9F2F003A7E81 /* main.cpp */,
			);
			path = jsctest;
			sourceTree = "<group>";
		};
		2CE0671822CCA1F4003A7E81 /* Frameworks */ = {
			isa = PBXGroup;
			children = (
				2C90787922CF530F00A0AABE /* JavaScriptCore.framework */,
			);
			name = Frameworks;
			sourceTree = "<group>";
		};
/* End PBXGroup section */

/* Begin PBXNativeTarget section */
		2CE0670D22CC9F2F003A7E81 /* jsctest */ = {
			isa = PBXNativeTarget;
			buildConfigurationList = 2CE0671522CC9F2F003A7E81 /* Build configuration list for PBXNativeTarget "jsctest" */;
			buildPhases = (
				2CE0670A22CC9F2F003A7E81 /* Sources */,
				2CE0670B22CC9F2F003A7E81 /* Frameworks */,
				2CE0670C22CC9F2F003A7E81 /* CopyFiles */,
			);
			buildRules = (
			);
			dependencies = (
			);
			name = jsctest;
			productName = jsctest;
			productReference = 2CE0670E22CC9F2F003A7E81 /* jsctest */;
			productType = "com.apple.product-type.tool";
		};
/* End PBXNativeTarget section */

/* Begin PBXProject section */
		2CE0670622CC9F2F003A7E81 /* Project object */ = {
			isa = PBXProject;
			attributes = {
				LastUpgradeCheck = 1020;
				ORGANIZATIONNAME = BeanandBean;
				TargetAttributes = {
					2CE0670D22CC9F2F003A7E81 = {
						CreatedOnToolsVersion = 10.2.1;
					};
				};
			};
			buildConfigurationList = 2CE0670922CC9F2F003A7E81 /* Build configuration list for PBXProject "jsctest" */;
			compatibilityVersion = "Xcode 9.3";
			developmentRegion = en;
			hasScannedForEncodings = 0;
			knownRegions = (
				en,
			);
			mainGroup = 2CE0670522CC9F2F003A7E81;
			productRefGroup = 2CE0670F22CC9F2F003A7E81 /* Products */;
			projectDirPath = "";
			projectRoot = "";
			targets = (
				2CE0670D22CC9F2F003A7E81 /* jsctest */,
			);
		};
/* End PBXProject section */

/* Begin PBXSourcesBuildPhase section */
		2CE0670A22CC9F2F003A7E81 /* Sources */ = {
			isa = PBXSourcesBuildPhase;
			buildActionMask = 2147483647;
			files = (
				2C3CA6A122CDE50900E73948 /* context.cpp in Sources */,
				2C3CA6A322CDE88600E73948 /* object.cpp in Sources */,
				2CE0671222CC9F2F003A7E81 /* main.cpp in Sources */,
				2C3CA6A522CDEC2D00E73948 /* value.cpp in Sources */,
			);
			runOnlyForDeploymentPostprocessing = 0;
		};
/* End PBXSourcesBuildPhase section */

/* Begin XCBuildConfiguration section */
		2CE0671322CC9F2F003A7E81 /* Debug */ = {
			isa = XCBuildConfiguration;
			buildSettings = {
				ALWAYS_SEARCH_USER_PATHS = NO;
				CLANG_ANALYZER_NONNULL = YES;
				CLANG_ANALYZER_NUMBER_OBJECT_CONVERSION = YES_AGGRESSIVE;
				CLANG_CXX_LANGUAGE_STANDARD = "gnu++17";
				CLANG_CXX_LIBRARY = "libc++";
				CLANG_ENABLE_MODULES = YES;
				CLANG_ENABLE_OBJC_ARC = YES;
				CLANG_ENABLE_OBJC_WEAK = YES;
				CLANG_WARN_BLOCK_CAPTURE_AUTORELEASING = YES;
				CLANG_WARN_BOOL_CONVERSION = YES;
				CLANG_WARN_COMMA = YES;
				CLANG_WARN_CONSTANT_CONVERSION = YES;
				CLANG_WARN_DEPRECATED_OBJC_IMPLEMENTATIONS = YES;
				CLANG_WARN_DIRECT_OBJC_ISA_USAGE = YES_ERROR;
				CLANG_WARN_DOCUMENTATION_COMMENTS = YES;
				CLANG_WARN_EMPTY_BODY = YES;
				CLANG_WARN_ENUM_CONVERSION = YES;
				CLANG_WARN_INFINITE_RECURSION = YES;
				CLANG_WARN_INT_CONVERSION = YES;
				CLANG_WARN_NON_LITERAL_NULL_CONVERSION = YES;
				CLANG_WARN_OBJC_IMPLICIT_RETAIN_SELF = YES;
				CLANG_WARN_OBJC_LITERAL_CONVERSION = YES;
				CLANG_WARN_OBJC_ROOT_CLASS = YES_ERROR;
				CLANG_WARN_RANGE_LOOP_ANALYSIS = YES;
				CLANG_WARN_STRICT_PROTOTYPES = YES;
				CLANG_WARN_SUSPICIOUS_MOVE = YES;
				CLANG_WARN_UNGUARDED_AVAILABILITY = YES_AGGRESSIVE;
				CLANG_WARN_UNREACHABLE_CODE = YES;
				CLANG_WARN__DUPLICATE_METHOD_MATCH = YES;
				CODE_SIGN_IDENTITY = "-";
				COPY_PHASE_STRIP = NO;
				DEBUG_INFORMATION_FORMAT = dwarf;
				ENABLE_STRICT_OBJC_MSGSEND = YES;
				ENABLE_TESTABILITY = YES;
				GCC_C_LANGUAGE_STANDARD = gnu11;
				GCC_DYNAMIC_NO_PIC = NO;
				GCC_NO_COMMON_BLOCKS = YES;
				GCC_OPTIMIZATION_LEVEL = 0;
				GCC_PREPROCESSOR_DEFINITIONS = (
					"DEBUG=1",
					"$(inherited)",
				);
				GCC_WARN_64_TO_32_BIT_CONVERSION = YES;
				GCC_WARN_ABOUT_RETURN_TYPE = YES_ERROR;
				GCC_WARN_UNDECLARED_SELECTOR = YES;
				GCC_WARN_UNINITIALIZED_AUTOS = YES_AGGRESSIVE;
				GCC_WARN_UNUSED_FUNCTION = YES;
				GCC_WARN_UNUSED_VARIABLE = YES;
				MACOSX_DEPLOYMENT_TARGET = 10.14;
				MTL_ENABLE_DEBUG_INFO = INCLUDE_SOURCE;
				MTL_FAST_MATH = YES;
				ONLY_ACTIVE_ARCH = YES;
				SDKROOT = macosx;
			};
			name = Debug;
		};
		2CE0671422CC9F2F003A7E81 /* Release */ = {
			isa = XCBuildConfiguration;
			buildSettings = {
				ALWAYS_SEARCH_USER_PATHS = NO;
				CLANG_ANALYZER_NONNULL = YES;
				CLANG_ANALYZER_NUMBER_OBJECT_CONVERSION = YES_AGGRESSIVE;
				CLANG_CXX_LANGUAGE_STANDARD = "gnu++17";
				CLANG_CXX_LIBRARY = "libc++";
				CLANG_ENABLE_MODULES = YES;
				CLANG_ENABLE_OBJC_ARC = YES;
				CLANG_ENABLE_OBJC_WEAK = YES;
				CLANG_WARN_BLOCK_CAPTURE_AUTORELEASING = YES;
				CLANG_WARN_BOOL_CONVERSION = YES;
				CLANG_WARN_COMMA = YES;
				CLANG_WARN_CONSTANT_CONVERSION = YES;
				CLANG_WARN_DEPRECATED_OBJC_IMPLEMENTATIONS = YES;
				CLANG_WARN_DIRECT_OBJC_ISA_USAGE = YES_ERROR;
				CLANG_WARN_DOCUMENTATION_COMMENTS = YES;
				CLANG_WARN_EMPTY_BODY = YES;
				CLANG_WARN_ENUM_CONVERSION = YES;
				CLANG_WARN_INFINITE_RECURSION = YES;
				CLANG_WARN_INT_CONVERSION = YES;
				CLANG_WARN_NON_LITERAL_NULL_CONVERSION = YES;
				CLANG_WARN_OBJC_IMPLICIT_RETAIN_SELF = YES;
				CLANG_WARN_OBJC_LITERAL_CONVERSION = YES;
				CLANG_WARN_OBJC_ROOT_CLASS = YES_ERROR;
				CLANG_WARN_RANGE_LOOP_ANALYSIS = YES;
				CLANG_WARN_STRICT_PROTOTYPES = YES;
				CLANG_WARN_SUSPICIOUS_MOVE = YES;
				CLANG_WARN_UNGUARDED_AVAILABILITY = YES_AGGRESSIVE;
				CLANG_WARN_UNREACHABLE_CODE = YES;
				CLANG_WARN__DUPLICATE_METHOD_MATCH = YES;
				CODE_SIGN_IDENTITY = "-";
				COPY_PHASE_STRIP = NO;
				DEBUG_INFORMATION_FORMAT = "dwarf-with-dsym";
				ENABLE_NS_ASSERTIONS = NO;
				ENABLE_STRICT_OBJC_MSGSEND = YES;
				GCC_C_LANGUAGE_STANDARD = gnu11;
				GCC_NO_COMMON_BLOCKS = YES;
				GCC_WARN_64_TO_32_BIT_CONVERSION = YES;
				GCC_WARN_ABOUT_RETURN_TYPE = YES_ERROR;
				GCC_WARN_UNDECLARED_SELECTOR = YES;
				GCC_WARN_UNINITIALIZED_AUTOS = YES_AGGRESSIVE;
				GCC_WARN_UNUSED_FUNCTION = YES;
				GCC_WARN_UNUSED_VARIABLE = YES;
				MACOSX_DEPLOYMENT_TARGET = 10.14;
				MTL_ENABLE_DEBUG_INFO = NO;
				MTL_FAST_MATH = YES;
				SDKROOT = macosx;
			};
			name = Release;
		};
		2CE0671622CC9F2F003A7E81 /* Debug */ = {
			isa = XCBuildConfiguration;
			buildSettings = {
				CODE_SIGN_STYLE = Automatic;
				PRODUCT_NAME = "$(TARGET_NAME)";
			};
			name = Debug;
		};
		2CE0671722CC9F2F003A7E81 /* Release */ = {
			isa = XCBuildConfiguration;
			buildSettings = {
				CODE_SIGN_STYLE = Automatic;
				PRODUCT_NAME = "$(TARGET_NAME)";
			};
			name = Release;
		};
/* End XCBuildConfiguration section */

/* Begin XCConfigurationList section */
		2CE0670922CC9F2F003A7E81 /* Build configuration list for PBXProject "jsctest" */ = {
			isa = XCConfigurationList;
			buildConfigurations = (
				2CE0671322CC9F2F003A7E81 /* Debug */,
				2CE0671422CC9F2F003A7E81 /* Release */,
			);
			defaultConfigurationIsVisible = 0;
			defaultConfigurationName = Release;
		};
		2CE0671522CC9F2F003A7E81 /* Build configuration list for PBXNativeTarget "jsctest" */ = {
			isa = XCConfigurationList;
			buildConfigurations = (
				2CE0671622CC9F2F003A7E81 /* Debug */,
				2CE0671722CC9F2F003A7E81 /* Release */,
			);
			defaultConfigurationIsVisible = 0;
			defaultConfigurationName = Release;
		};
/* End XCConfigurationList section */
	};
	rootObject = 2CE0670622CC9F2F003A7E81 /* Project object */;
}
